
Microsoft Visual Studio Solution File, Format Version 12.00
# Visual Studio Version 17
VisualStudioVersion = 17.6.33712.159
MinimumVisualStudioVersion = 10.0.40219.1
Project("{FAE04EC0-301F-11D3-BF4B-00C04F79EFBC}") = "KompCheck_Zaldea", "KompCheck_Zaldea.csproj", "{E9A87CCA-669E-4E36-8AD3-F162CFD325E1}"
EndProject
Global
	GlobalSection(SolutionConfigurationPlatforms) = preSolution
		Debug|Any CPU = Debug|Any CPU
		Release|Any CPU = Release|Any CPU
	EndGlobalSection
	GlobalSection(ProjectConfigurationPlatforms) = postSolution
		{E9A87CCA-669E-4E36-8AD3-F162CFD325E1}.Debug|Any CPU.ActiveCfg = Debug|Any CPU
		{E9A87CCA-669E-4E36-8AD3-F162CFD325E1}.Debug|Any CPU.Build.0 = Debug|Any CPU
		{E9A87CCA-669E-4E36-8AD3-F162CFD325E1}.Release|Any CPU.ActiveCfg = Release|Any CPU
		{E9A87CCA-669E-4E36-8AD3-F162CFD325E1}.Release|Any CPU.Build.0 = Release|Any CPU
	EndGlobalSection
	GlobalSection(SolutionProperties) = preSolution
		HideSolutionNode = FALSE
	EndGlobalSection
	GlobalSection(ExtensibilityGlobals) = postSolution
		SolutionGuid = {A5AD9E0F-5871-44EE-A098-89E88F022FE9}
	EndGlobalSection
EndGlobal
